
Microsoft Visual Studio Solution File, Format Version 12.00
# Visual Studio Version 16
VisualStudioVersion = 16.0.28803.452
MinimumVisualStudioVersion = 10.0.40219.1
Project("{FAE04EC0-301F-11D3-BF4B-00C04F79EFBC}") = "CookiesApplication", "CookiesApplication\CookiesApplication.csproj", "{2EFAEBA2-49A0-4792-9195-A430A569A885}"
EndProject
Global
	GlobalSection(SolutionConfigurationPlatforms) = preSolution
		Debug|Any CPU = Debug|Any CPU
		Release|Any CPU = Release|Any CPU
	EndGlobalSection
	GlobalSection(ProjectConfigurationPlatforms) = postSolution
		{2EFAEBA2-49A0-4792-9195-A430A569A885}.Debug|Any CPU.ActiveCfg = Debug|Any CPU
		{2EFAEBA2-49A0-4792-9195-A430A569A885}.Debug|Any CPU.Build.0 = Debug|Any CPU
		{2EFAEBA2-49A0-4792-9195-A430A569A885}.Release|Any CPU.ActiveCfg = Release|Any CPU
		{2EFAEBA2-49A0-4792-9195-A430A569A885}.Release|Any CPU.Build.0 = Release|Any CPU
	EndGlobalSection
	GlobalSection(SolutionProperties) = preSolution
		HideSolutionNode = FALSE
	EndGlobalSection
	GlobalSection(ExtensibilityGlobals) = postSolution
		SolutionGuid = {CC171EBF-0F02-4DC5-8CA0-8B6E991FCF1E}
	EndGlobalSection
EndGlobal
